// !$*UTF8*$!
{
	archiveVersion = 1;
	classes = {
	};
	objectVersion = 46;
	objects = {

/* Begin PBXBuildFile section */
		A6E726F81C6C160A0022D8F2 /* testing.h in Headers */ = {isa = PBXBuildFile; fileRef = A6E726F71C6C160A0022D8F2 /* testing.h */; settings = {ATTRIBUTES = (Public, ); }; };
		A6E726FF1C6C160A0022D8F2 /* testing.framework in Frameworks */ = {isa = PBXBuildFile; fileRef = A6E726F41C6C160A0022D8F2 /* testing.framework */; };
		A6E727041C6C160A0022D8F2 /* testingTests.swift in Sources */ = {isa = PBXBuildFile; fileRef = A6E727031C6C160A0022D8F2 /* testingTests.swift */; };
/* End PBXBuildFile section */

/* Begin PBXContainerItemProxy section */
		A6E727001C6C160A0022D8F2 /* PBXContainerItemProxy */ = {
			isa = PBXContainerItemProxy;
			containerPortal = A6E726EB1C6C160A0022D8F2 /* Project object */;
			proxyType = 1;
			remoteGlobalIDString = A6E726F31C6C160A0022D8F2;
			remoteInfo = testing;
		};
/* End PBXContainerItemProxy section */

/* Begin PBXFileReference section */
		A6E726F41C6C160A0022D8F2 /* testing.framework */ = {isa = PBXFileReference; explicitFileType = wrapper.framework; includeInIndex = 0; path = testing.framework; sourceTree = BUILT_PRODUCTS_DIR; };
		A6E726F71C6C160A0022D8F2 /* testing.h */ = {isa = PBXFileReference; lastKnownFileType = sourcecode.c.h; path = testing.h; sourceTree = "<group>"; };
		A6E726F91C6C160A0022D8F2 /* Info.plist */ = {isa = PBXFileReference; lastKnownFileType = text.plist.xml; path = Info.plist; sourceTree = "<group>"; };
		A6E726FE1C6C160A0022D8F2 /* testingTests.xctest */ = {isa = PBXFileReference; explicitFileType = wrapper.cfbundle; includeInIndex = 0; path = testingTests.xctest; sourceTree = BUILT_PRODUCTS_DIR; };
		A6E727031C6C160A0022D8F2 /* testingTests.swift */ = {isa = PBXFileReference; lastKnownFileType = sourcecode.swift; path = testingTests.swift; sourceTree = "<group>"; };
		A6E727051C6C160A0022D8F2 /* Info.plist */ = {isa = PBXFileReference; lastKnownFileType = text.plist.xml; path = Info.plist; sourceTree = "<group>"; };
/* End PBXFileReference section */

/* Begin PBXFrameworksBuildPhase section */
		A6E726F01C6C160A0022D8F2 /* Frameworks */ = {
			isa = PBXFrameworksBuildPhase;
			buildActionMask = 2147483647;
			files = (
			);
			runOnlyForDeploymentPostprocessing = 0;
		};
		A6E726FB1C6C160A0022D8F2 /* Frameworks */ = {
			isa = PBXFrameworksBuildPhase;
			buildActionMask = 2147483647;
			files = (
				A6E726FF1C6C160A0022D8F2 /* testing.framework in Frameworks */,
			);
			runOnlyForDeploymentPostprocessing = 0;
		};
/* End PBXFrameworksBuildPhase section */

/* Begin PBXGroup section */
		A6E726EA1C6C160A0022D8F2 = {
			isa = PBXGroup;
			children = (
				A6E726F61C6C160A0022D8F2 /* testing */,
				A6E727021C6C160A0022D8F2 /* testingTests */,
				A6E726F51C6C160A0022D8F2 /* Products */,
			);
			sourceTree = "<group>";
		};
		A6E726F51C6C160A0022D8F2 /* Products */ = {
			isa = PBXGroup;
			children = (
				A6E726F41C6C160A0022D8F2 /* testing.framework */,
				A6E726FE1C6C160A0022D8F2 /* testingTests.xctest */,
			);
			name = Products;
			sourceTree = "<group>";
		};
		A6E726F61C6C160A0022D8F2 /* testing */ = {
			isa = PBXGroup;
			children = (
				A6E726F71C6C160A0022D8F2 /* testing.h */,
				A6E726F91C6C160A0022D8F2 /* Info.plist */,
			);
			path = testing;
			sourceTree = "<group>";
		};
		A6E727021C6C160A0022D8F2 /* testingTests */ = {
			isa = PBXGroup;
			children = (
				A6E727031C6C160A0022D8F2 /* testingTests.swift */,
				A6E727051C6C160A0022D8F2 /* Info.plist */,
			);
			path = testingTests;
			sourceTree = "<group>";
		};
/* End PBXGroup section */

/* Begin PBXHeadersBuildPhase section */
		A6E726F11C6C160A0022D8F2 /* Headers */ = {
			isa = PBXHeadersBuildPhase;
			buildActionMask = 2147483647;
			files = (
				A6E726F81C6C160A0022D8F2 /* testing.h in Headers */,
			);
			runOnlyForDeploymentPostprocessing = 0;
		};
/* End PBXHeadersBuildPhase section */

/* Begin PBXNativeTarget section */
		A6E726F31C6C160A0022D8F2 /* testing */ = {
			isa = PBXNativeTarget;
			buildConfigurationList = A6E727081C6C160A0022D8F2 /* Build configuration list for PBXNativeTarget "testing" */;
			buildPhases = (
				A6E726EF1C6C160A0022D8F2 /* Sources */,
				A6E726F01C6C160A0022D8F2 /* Frameworks */,
				A6E726F11C6C160A0022D8F2 /* Headers */,
				A6E726F21C6C160A0022D8F2 /* Resources */,
			);
			buildRules = (
			);
			dependencies = (
			);
			name = testing;
			productName = testing;
			productReference = A6E726F41C6C160A0022D8F2 /* testing.framework */;
			productType = "com.apple.product-type.framework";
		};
		A6E726FD1C6C160A0022D8F2 /* testingTests */ = {
			isa = PBXNativeTarget;
			buildConfigurationList = A6E7270B1C6C160A0022D8F2 /* Build configuration list for PBXNativeTarget "testingTests" */;
			buildPhases = (
				A6E726FA1C6C160A0022D8F2 /* Sources */,
				A6E726FB1C6C160A0022D8F2 /* Frameworks */,
				A6E726FC1C6C160A0022D8F2 /* Resources */,
			);
			buildRules = (
			);
			dependencies = (
				A6E727011C6C160A0022D8F2 /* PBXTargetDependency */,
			);
			name = testingTests;
			productName = testingTests;
			productReference = A6E726FE1C6C160A0022D8F2 /* testingTests.xctest */;
			productType = "com.apple.product-type.bundle.unit-test";
		};
/* End PBXNativeTarget section */

/* Begin PBXProject section */
		A6E726EB1C6C160A0022D8F2 /* Project object */ = {
			isa = PBXProject;
			attributes = {
				LastSwiftUpdateCheck = 0710;
				LastUpgradeCheck = 0710;
				ORGANIZATIONNAME = "Anil Kumar BP";
				TargetAttributes = {
					A6E726F31C6C160A0022D8F2 = {
						CreatedOnToolsVersion = 7.1;
					};
					A6E726FD1C6C160A0022D8F2 = {
						CreatedOnToolsVersion = 7.1;
					};
				};
			};
			buildConfigurationList = A6E726EE1C6C160A0022D8F2 /* Build configuration list for PBXProject "testing" */;
			compatibilityVersion = "Xcode 3.2";
			developmentRegion = English;
			hasScannedForEncodings = 0;
			knownRegions = (
				en,
			);
			mainGroup = A6E726EA1C6C160A0022D8F2;
			productRefGroup = A6E726F51C6C160A0022D8F2 /* Products */;
			projectDirPath = "";
			projectRoot = "";
			targets = (
				A6E726F31C6C160A0022D8F2 /* testing */,
				A6E726FD1C6C160A0022D8F2 /* testingTests */,
			);
		};
/* End PBXProject section */

/* Begin PBXResourcesBuildPhase section */
		A6E726F21C6C160A0022D8F2 /* Resources */ = {
			isa = PBXResourcesBuildPhase;
			buildActionMask = 2147483647;
			files = (
			);
			runOnlyForDeploymentPostprocessing = 0;
		};
		A6E726FC1C6C160A0022D8F2 /* Resources */ = {
			isa = PBXResourcesBuildPhase;
			buildActionMask = 2147483647;
			files = (
			);
			runOnlyForDeploymentPostprocessing = 0;
		};
/* End PBXResourcesBuildPhase section */

/* Begin PBXSourcesBuildPhase section */
		A6E726EF1C6C160A0022D8F2 /* Sources */ = {
			isa = PBXSourcesBuildPhase;
			buildActionMask = 2147483647;
			files = (
			);
			runOnlyForDeploymentPostprocessing = 0;
		};
		A6E726FA1C6C160A0022D8F2 /* Sources */ = {
			isa = PBXSourcesBuildPhase;
			buildActionMask = 2147483647;
			files = (
				A6E727041C6C160A0022D8F2 /* testingTests.swift in Sources */,
			);
			runOnlyForDeploymentPostprocessing = 0;
		};
/* End PBXSourcesBuildPhase section */

/* Begin PBXTargetDependency section */
		A6E727011C6C160A0022D8F2 /* PBXTargetDependency */ = {
			isa = PBXTargetDependency;
			target = A6E726F31C6C160A0022D8F2 /* testing */;
			targetProxy = A6E727001C6C160A0022D8F2 /* PBXContainerItemProxy */;
		};
/* End PBXTargetDependency section */

/* Begin XCBuildConfiguration section */
		A6E727061C6C160A0022D8F2 /* Debug */ = {
			isa = XCBuildConfiguration;
			buildSettings = {
				ALWAYS_SEARCH_USER_PATHS = NO;
				CLANG_CXX_LANGUAGE_STANDARD = "gnu++0x";
				CLANG_CXX_LIBRARY = "libc++";
				CLANG_ENABLE_MODULES = YES;
				CLANG_ENABLE_OBJC_ARC = YES;
				CLANG_WARN_BOOL_CONVERSION = YES;
				CLANG_WARN_CONSTANT_CONVERSION = YES;
				CLANG_WARN_DIRECT_OBJC_ISA_USAGE = YES_ERROR;
				CLANG_WARN_EMPTY_BODY = YES;
				CLANG_WARN_ENUM_CONVERSION = YES;
				CLANG_WARN_INT_CONVERSION = YES;
				CLANG_WARN_OBJC_ROOT_CLASS = YES_ERROR;
				CLANG_WARN_UNREACHABLE_CODE = YES;
				CLANG_WARN__DUPLICATE_METHOD_MATCH = YES;
				"CODE_SIGN_IDENTITY[sdk=iphoneos*]" = "iPhone Developer";
				COPY_PHASE_STRIP = NO;
				CURRENT_PROJECT_VERSION = 1;
				DEBUG_INFORMATION_FORMAT = dwarf;
				ENABLE_STRICT_OBJC_MSGSEND = YES;
				ENABLE_TESTABILITY = YES;
				GCC_C_LANGUAGE_STANDARD = gnu99;
				GCC_DYNAMIC_NO_PIC = NO;
				GCC_NO_COMMON_BLOCKS = YES;
				GCC_OPTIMIZATION_LEVEL = 0;
				GCC_PREPROCESSOR_DEFINITIONS = (
					"DEBUG=1",
					"$(inherited)",
				);
				GCC_WARN_64_TO_32_BIT_CONVERSION = YES;
				GCC_WARN_ABOUT_RETURN_TYPE = YES_ERROR;
				GCC_WARN_UNDECLARED_SELECTOR = YES;
				GCC_WARN_UNINITIALIZED_AUTOS = YES_AGGRESSIVE;
				GCC_WARN_UNUSED_FUNCTION = YES;
				GCC_WARN_UNUSED_VARIABLE = YES;
				IPHONEOS_DEPLOYMENT_TARGET = 9.1;
				MTL_ENABLE_DEBUG_INFO = YES;
				ONLY_ACTIVE_ARCH = YES;
				SDKROOT = iphoneos;
				SWIFT_OPTIMIZATION_LEVEL = "-Onone";
				TARGETED_DEVICE_FAMILY = "1,2";
				VERSIONING_SYSTEM = "apple-generic";
				VERSION_INFO_PREFIX = "";
			};
			name = Debug;
		};
		A6E727071C6C160A0022D8F2 /* Release */ = {
			isa = XCBuildConfiguration;
			buildSettings = {
				ALWAYS_SEARCH_USER_PATHS = NO;
				CLANG_CXX_LANGUAGE_STANDARD = "gnu++0x";
				CLANG_CXX_LIBRARY = "libc++";
				CLANG_ENABLE_MODULES = YES;
				CLANG_ENABLE_OBJC_ARC = YES;
				CLANG_WARN_BOOL_CONVERSION = YES;
				CLANG_WARN_CONSTANT_CONVERSION = YES;
				CLANG_WARN_DIRECT_OBJC_ISA_USAGE = YES_ERROR;
				CLANG_WARN_EMPTY_BODY = YES;
				CLANG_WARN_ENUM_CONVERSION = YES;
				CLANG_WARN_INT_CONVERSION = YES;
				CLANG_WARN_OBJC_ROOT_CLASS = YES_ERROR;
				CLANG_WARN_UNREACHABLE_CODE = YES;
				CLANG_WARN__DUPLICATE_METHOD_MATCH = YES;
				"CODE_SIGN_IDENTITY[sdk=iphoneos*]" = "iPhone Developer";
				COPY_PHASE_STRIP = NO;
				CURRENT_PROJECT_VERSION = 1;
				DEBUG_INFORMATION_FORMAT = "dwarf-with-dsym";
				ENABLE_NS_ASSERTIONS = NO;
				ENABLE_STRICT_OBJC_MSGSEND = YES;
				GCC_C_LANGUAGE_STANDARD = gnu99;
				GCC_NO_COMMON_BLOCKS = YES;
				GCC_WARN_64_TO_32_BIT_CONVERSION = YES;
				GCC_WARN_ABOUT_RETURN_TYPE = YES_ERROR;
				GCC_WARN_UNDECLARED_SELECTOR = YES;
				GCC_WARN_UNINITIALIZED_AUTOS = YES_AGGRESSIVE;
				GCC_WARN_UNUSED_FUNCTION = YES;
				GCC_WARN_UNUSED_VARIABLE = YES;
				IPHONEOS_DEPLOYMENT_TARGET = 9.1;
				MTL_ENABLE_DEBUG_INFO = NO;
				SDKROOT = iphoneos;
				TARGETED_DEVICE_FAMILY = "1,2";
				VALIDATE_PRODUCT = YES;
				VERSIONING_SYSTEM = "apple-generic";
				VERSION_INFO_PREFIX = "";
			};
			name = Release;
		};
		A6E727091C6C160A0022D8F2 /* Debug */ = {
			isa = XCBuildConfiguration;
			buildSettings = {
				DEFINES_MODULE = YES;
				DYLIB_COMPATIBILITY_VERSION = 1;
				DYLIB_CURRENT_VERSION = 1;
				DYLIB_INSTALL_NAME_BASE = "@rpath";
				INFOPLIST_FILE = testing/Info.plist;
				INSTALL_PATH = "$(LOCAL_LIBRARY_DIR)/Frameworks";
				LD_RUNPATH_SEARCH_PATHS = "$(inherited) @executable_path/Frameworks @loader_path/Frameworks";
				PRODUCT_BUNDLE_IDENTIFIER = com.ringcentral.testing;
				PRODUCT_NAME = "$(TARGET_NAME)";
				SKIP_INSTALL = YES;
			};
			name = Debug;
		};
		A6E7270A1C6C160A0022D8F2 /* Release */ = {
			isa = XCBuildConfiguration;
			buildSettings = {
				DEFINES_MODULE = YES;
				DYLIB_COMPATIBILITY_VERSION = 1;
				DYLIB_CURRENT_VERSION = 1;
				DYLIB_INSTALL_NAME_BASE = "@rpath";
				INFOPLIST_FILE = testing/Info.plist;
				INSTALL_PATH = "$(LOCAL_LIBRARY_DIR)/Frameworks";
				LD_RUNPATH_SEARCH_PATHS = "$(inherited) @executable_path/Frameworks @loader_path/Frameworks";
				PRODUCT_BUNDLE_IDENTIFIER = com.ringcentral.testing;
				PRODUCT_NAME = "$(TARGET_NAME)";
				SKIP_INSTALL = YES;
			};
			name = Release;
		};
		A6E7270C1C6C160A0022D8F2 /* Debug */ = {
			isa = XCBuildConfiguration;
			buildSettings = {
				INFOPLIST_FILE = testingTests/Info.plist;
				LD_RUNPATH_SEARCH_PATHS = "$(inherited) @executable_path/Frameworks @loader_path/Frameworks";
				PRODUCT_BUNDLE_IDENTIFIER = com.ringcentral.testingTests;
				PRODUCT_NAME = "$(TARGET_NAME)";
			};
			name = Debug;
		};
		A6E7270D1C6C160A0022D8F2 /* Release */ = {
			isa = XCBuildConfiguration;
			buildSettings = {
				INFOPLIST_FILE = testingTests/Info.plist;
				LD_RUNPATH_SEARCH_PATHS = "$(inherited) @executable_path/Frameworks @loader_path/Frameworks";
				PRODUCT_BUNDLE_IDENTIFIER = com.ringcentral.testingTests;
				PRODUCT_NAME = "$(TARGET_NAME)";
			};
			name = Release;
		};
/* End XCBuildConfiguration section */

/* Begin XCConfigurationList section */
		A6E726EE1C6C160A0022D8F2 /* Build configuration list for PBXProject "testing" */ = {
			isa = XCConfigurationList;
			buildConfigurations = (
				A6E727061C6C160A0022D8F2 /* Debug */,
				A6E727071C6C160A0022D8F2 /* Release */,
			);
			defaultConfigurationIsVisible = 0;
			defaultConfigurationName = Release;
		};
		A6E727081C6C160A0022D8F2 /* Build configuration list for PBXNativeTarget "testing" */ = {
			isa = XCConfigurationList;
			buildConfigurations = (
				A6E727091C6C160A0022D8F2 /* Debug */,
				A6E7270A1C6C160A0022D8F2 /* Release */,
			);
			defaultConfigurationIsVisible = 0;
		};
		A6E7270B1C6C160A0022D8F2 /* Build configuration list for PBXNativeTarget "testingTests" */ = {
			isa = XCConfigurationList;
			buildConfigurations = (
				A6E7270C1C6C160A0022D8F2 /* Debug */,
				A6E7270D1C6C160A0022D8F2 /* Release */,
			);
			defaultConfigurationIsVisible = 0;
		};
/* End XCConfigurationList section */
	};
	rootObject = A6E726EB1C6C160A0022D8F2 /* Project object */;
}
